
Microsoft Visual Studio Solution File, Format Version 12.00
Project("{2150E333-8FDC-42A3-9474-1A3956D46DE8}") = "Lab01", "Lab01", "{5EAEE5E4-CB24-403E-B370-5DAE8E253A4F}"
EndProject
Project("{FAE04EC0-301F-11D3-BF4B-00C04F79EFBC}") = "Lab01_Client", "Lab01_Client\Lab01_Client.csproj", "{718E24AB-A66A-4F6F-96E8-7B162960AC1F}"
EndProject
Project("{FAE04EC0-301F-11D3-BF4B-00C04F79EFBC}") = "Lab01_Server", "Lab01_Server\Lab01_Server.csproj", "{9528CE74-DD02-4FF7-9EA1-6872A22E18BE}"
EndProject
Project("{2150E333-8FDC-42A3-9474-1A3956D46DE8}") = "Lab02", "Lab02", "{60913B1D-667E-44AC-B5CB-24B2DA605AC6}"
EndProject
Project("{FAE04EC0-301F-11D3-BF4B-00C04F79EFBC}") = "gRPC_Server", "gRPC_Server\gRPC_Server.csproj", "{48180E3C-22ED-40FC-B143-C1623EF62151}"
EndProject
Project("{FAE04EC0-301F-11D3-BF4B-00C04F79EFBC}") = "ClientApp", "ClientApp\ClientApp.csproj", "{05192E26-F8B0-41B8-99EE-CA4D6DF9824C}"
EndProject
Project("{2150E333-8FDC-42A3-9474-1A3956D46DE8}") = "Lab03", "Lab03", "{D9B36310-5A39-4F93-9ADE-23AEFD07DF43}"
EndProject
Project("{FAE04EC0-301F-11D3-BF4B-00C04F79EFBC}") = "Lab03_Business", "Lab03\Lab03_Business\Lab03_Business.csproj", "{8E2A7637-C9ED-4BA8-82CC-A3C2C3DF9116}"
EndProject
Project("{FAE04EC0-301F-11D3-BF4B-00C04F79EFBC}") = "Lab03_Console", "Lab03\Lab03_Console\Lab03_Console.csproj", "{B2DA56F0-F9B1-457D-A984-842857F6734D}"
EndProject
Global
	GlobalSection(SolutionConfigurationPlatforms) = preSolution
		Debug|Any CPU = Debug|Any CPU
		Release|Any CPU = Release|Any CPU
	EndGlobalSection
	GlobalSection(NestedProjects) = preSolution
		{718E24AB-A66A-4F6F-96E8-7B162960AC1F} = {5EAEE5E4-CB24-403E-B370-5DAE8E253A4F}
		{9528CE74-DD02-4FF7-9EA1-6872A22E18BE} = {5EAEE5E4-CB24-403E-B370-5DAE8E253A4F}
		{48180E3C-22ED-40FC-B143-C1623EF62151} = {60913B1D-667E-44AC-B5CB-24B2DA605AC6}
		{05192E26-F8B0-41B8-99EE-CA4D6DF9824C} = {60913B1D-667E-44AC-B5CB-24B2DA605AC6}
		{8E2A7637-C9ED-4BA8-82CC-A3C2C3DF9116} = {D9B36310-5A39-4F93-9ADE-23AEFD07DF43}
		{B2DA56F0-F9B1-457D-A984-842857F6734D} = {D9B36310-5A39-4F93-9ADE-23AEFD07DF43}
	EndGlobalSection
	GlobalSection(ProjectConfigurationPlatforms) = postSolution
		{718E24AB-A66A-4F6F-96E8-7B162960AC1F}.Debug|Any CPU.ActiveCfg = Debug|Any CPU
		{718E24AB-A66A-4F6F-96E8-7B162960AC1F}.Debug|Any CPU.Build.0 = Debug|Any CPU
		{718E24AB-A66A-4F6F-96E8-7B162960AC1F}.Release|Any CPU.ActiveCfg = Release|Any CPU
		{718E24AB-A66A-4F6F-96E8-7B162960AC1F}.Release|Any CPU.Build.0 = Release|Any CPU
		{9528CE74-DD02-4FF7-9EA1-6872A22E18BE}.Debug|Any CPU.ActiveCfg = Debug|Any CPU
		{9528CE74-DD02-4FF7-9EA1-6872A22E18BE}.Debug|Any CPU.Build.0 = Debug|Any CPU
		{9528CE74-DD02-4FF7-9EA1-6872A22E18BE}.Release|Any CPU.ActiveCfg = Release|Any CPU
		{9528CE74-DD02-4FF7-9EA1-6872A22E18BE}.Release|Any CPU.Build.0 = Release|Any CPU
		{48180E3C-22ED-40FC-B143-C1623EF62151}.Debug|Any CPU.ActiveCfg = Debug|Any CPU
		{48180E3C-22ED-40FC-B143-C1623EF62151}.Debug|Any CPU.Build.0 = Debug|Any CPU
		{48180E3C-22ED-40FC-B143-C1623EF62151}.Release|Any CPU.ActiveCfg = Release|Any CPU
		{48180E3C-22ED-40FC-B143-C1623EF62151}.Release|Any CPU.Build.0 = Release|Any CPU
		{05192E26-F8B0-41B8-99EE-CA4D6DF9824C}.Debug|Any CPU.ActiveCfg = Debug|Any CPU
		{05192E26-F8B0-41B8-99EE-CA4D6DF9824C}.Debug|Any CPU.Build.0 = Debug|Any CPU
		{05192E26-F8B0-41B8-99EE-CA4D6DF9824C}.Release|Any CPU.ActiveCfg = Release|Any CPU
		{05192E26-F8B0-41B8-99EE-CA4D6DF9824C}.Release|Any CPU.Build.0 = Release|Any CPU
		{8E2A7637-C9ED-4BA8-82CC-A3C2C3DF9116}.Debug|Any CPU.ActiveCfg = Debug|Any CPU
		{8E2A7637-C9ED-4BA8-82CC-A3C2C3DF9116}.Debug|Any CPU.Build.0 = Debug|Any CPU
		{8E2A7637-C9ED-4BA8-82CC-A3C2C3DF9116}.Release|Any CPU.ActiveCfg = Release|Any CPU
		{8E2A7637-C9ED-4BA8-82CC-A3C2C3DF9116}.Release|Any CPU.Build.0 = Release|Any CPU
		{B2DA56F0-F9B1-457D-A984-842857F6734D}.Debug|Any CPU.ActiveCfg = Debug|Any CPU
		{B2DA56F0-F9B1-457D-A984-842857F6734D}.Debug|Any CPU.Build.0 = Debug|Any CPU
		{B2DA56F0-F9B1-457D-A984-842857F6734D}.Release|Any CPU.ActiveCfg = Release|Any CPU
		{B2DA56F0-F9B1-457D-A984-842857F6734D}.Release|Any CPU.Build.0 = Release|Any CPU
	EndGlobalSection
EndGlobal
